
Microsoft Visual Studio Solution File, Format Version 12.00
# Visual Studio Version 16
VisualStudioVersion = 16.0.31424.327
MinimumVisualStudioVersion = 10.0.40219.1
Project("{9A19103F-16F7-4668-BE54-9A1E7A4F7556}") = "PasswordChecker.API", "PasswordChecker.API\PasswordChecker.API.csproj", "{7F4A7994-2305-409A-B37B-7FA5161743A5}"
EndProject
Project("{9A19103F-16F7-4668-BE54-9A1E7A4F7556}") = "PasswordChecker.Services", "PasswordChecker.Services\PasswordChecker.Services.csproj", "{398BBDE0-4CEB-4543-961D-C98A6088F649}"
EndProject
Project("{9A19103F-16F7-4668-BE54-9A1E7A4F7556}") = "PasswordChecker.ConsoleApp", "PasswordChecker.ConsoleApp\PasswordChecker.ConsoleApp.csproj", "{C88E78EC-8507-4924-9DBF-14C88465F14D}"
EndProject
Project("{FAE04EC0-301F-11D3-BF4B-00C04F79EFBC}") = "PasswordChecker.Services.Test", "PasswordChecker.Services.Test\PasswordChecker.Services.Test.csproj", "{9C4841E8-41F5-4761-A435-FD0B6D4357AE}"
EndProject
Global
	GlobalSection(SolutionConfigurationPlatforms) = preSolution
		Debug|Any CPU = Debug|Any CPU
		Release|Any CPU = Release|Any CPU
	EndGlobalSection
	GlobalSection(ProjectConfigurationPlatforms) = postSolution
		{7F4A7994-2305-409A-B37B-7FA5161743A5}.Debug|Any CPU.ActiveCfg = Debug|Any CPU
		{7F4A7994-2305-409A-B37B-7FA5161743A5}.Debug|Any CPU.Build.0 = Debug|Any CPU
		{7F4A7994-2305-409A-B37B-7FA5161743A5}.Release|Any CPU.ActiveCfg = Release|Any CPU
		{7F4A7994-2305-409A-B37B-7FA5161743A5}.Release|Any CPU.Build.0 = Release|Any CPU
		{398BBDE0-4CEB-4543-961D-C98A6088F649}.Debug|Any CPU.ActiveCfg = Debug|Any CPU
		{398BBDE0-4CEB-4543-961D-C98A6088F649}.Debug|Any CPU.Build.0 = Debug|Any CPU
		{398BBDE0-4CEB-4543-961D-C98A6088F649}.Release|Any CPU.ActiveCfg = Release|Any CPU
		{398BBDE0-4CEB-4543-961D-C98A6088F649}.Release|Any CPU.Build.0 = Release|Any CPU
		{C88E78EC-8507-4924-9DBF-14C88465F14D}.Debug|Any CPU.ActiveCfg = Debug|Any CPU
		{C88E78EC-8507-4924-9DBF-14C88465F14D}.Debug|Any CPU.Build.0 = Debug|Any CPU
		{C88E78EC-8507-4924-9DBF-14C88465F14D}.Release|Any CPU.ActiveCfg = Release|Any CPU
		{C88E78EC-8507-4924-9DBF-14C88465F14D}.Release|Any CPU.Build.0 = Release|Any CPU
		{9C4841E8-41F5-4761-A435-FD0B6D4357AE}.Debug|Any CPU.ActiveCfg = Debug|Any CPU
		{9C4841E8-41F5-4761-A435-FD0B6D4357AE}.Debug|Any CPU.Build.0 = Debug|Any CPU
		{9C4841E8-41F5-4761-A435-FD0B6D4357AE}.Release|Any CPU.ActiveCfg = Release|Any CPU
		{9C4841E8-41F5-4761-A435-FD0B6D4357AE}.Release|Any CPU.Build.0 = Release|Any CPU
	EndGlobalSection
	GlobalSection(SolutionProperties) = preSolution
		HideSolutionNode = FALSE
	EndGlobalSection
	GlobalSection(ExtensibilityGlobals) = postSolution
		SolutionGuid = {28DD10ED-EF4C-40AA-8F5F-B2FFD0B5D848}
	EndGlobalSection
EndGlobal
